
Microsoft Visual Studio Solution File, Format Version 12.00
# Visual Studio 2013
VisualStudioVersion = 12.0.31101.0
MinimumVisualStudioVersion = 10.0.40219.1
Project("{8BC9CEB8-8B4A-11D0-8D11-00A0C91BC942}") = "AndroidLobster", "AndroidLobster\AndroidLobster.vcxproj", "{4F2852FF-619C-42CB-B3E2-C0C84CD529E3}"
EndProject
Global
	GlobalSection(SolutionConfigurationPlatforms) = preSolution
		Debug|Tegra-Android = Debug|Tegra-Android
		Release|Tegra-Android = Release|Tegra-Android
		Shipping|Tegra-Android = Shipping|Tegra-Android
	EndGlobalSection
	GlobalSection(ProjectConfigurationPlatforms) = postSolution
		{4F2852FF-619C-42CB-B3E2-C0C84CD529E3}.Debug|Tegra-Android.ActiveCfg = Debug|Tegra-Android
		{4F2852FF-619C-42CB-B3E2-C0C84CD529E3}.Debug|Tegra-Android.Build.0 = Debug|Tegra-Android
		{4F2852FF-619C-42CB-B3E2-C0C84CD529E3}.Release|Tegra-Android.ActiveCfg = Release|Tegra-Android
		{4F2852FF-619C-42CB-B3E2-C0C84CD529E3}.Release|Tegra-Android.Build.0 = Release|Tegra-Android
		{4F2852FF-619C-42CB-B3E2-C0C84CD529E3}.Shipping|Tegra-Android.ActiveCfg = Shipping|Tegra-Android
		{4F2852FF-619C-42CB-B3E2-C0C84CD529E3}.Shipping|Tegra-Android.Build.0 = Shipping|Tegra-Android
	EndGlobalSection
	GlobalSection(SolutionProperties) = preSolution
		HideSolutionNode = FALSE
	EndGlobalSection
EndGlobal
